
Microsoft Visual Studio Solution File, Format Version 12.00
# Visual Studio 15
VisualStudioVersion = 15.0.27130.2036
MinimumVisualStudioVersion = 10.0.40219.1
Project("{888888A0-9F3D-457C-B088-3A5042F75D52}") = "StompingGrounds", "StompingGrounds\StompingGrounds.pyproj", "{1D72E4F3-31A3-4807-B369-50F715949C35}"
EndProject
Global
	GlobalSection(SolutionConfigurationPlatforms) = preSolution
		Debug|Any CPU = Debug|Any CPU
		Release|Any CPU = Release|Any CPU
	EndGlobalSection
	GlobalSection(ProjectConfigurationPlatforms) = postSolution
		{1D72E4F3-31A3-4807-B369-50F715949C35}.Debug|Any CPU.ActiveCfg = Debug|Any CPU
		{1D72E4F3-31A3-4807-B369-50F715949C35}.Debug|Any CPU.Build.0 = Debug|Any CPU
		{1D72E4F3-31A3-4807-B369-50F715949C35}.Release|Any CPU.ActiveCfg = Release|Any CPU
		{1D72E4F3-31A3-4807-B369-50F715949C35}.Release|Any CPU.Build.0 = Release|Any CPU
	EndGlobalSection
	GlobalSection(SolutionProperties) = preSolution
		HideSolutionNode = FALSE
	EndGlobalSection
	GlobalSection(ExtensibilityGlobals) = postSolution
		SolutionGuid = {AA6560F7-7FA6-4377-B7FD-0FC6F4CC4BBD}
	EndGlobalSection
EndGlobal
